
Microsoft Visual Studio Solution File, Format Version 12.00
# Visual Studio Version 16
VisualStudioVersion = 16.0.31613.86
MinimumVisualStudioVersion = 10.0.40219.1
Project("{9A19103F-16F7-4668-BE54-9A1E7A4F7556}") = "AsociacionPabloBesson", "AsociacionPabloBesson.csproj", "{19ED7235-D360-43F2-B6D4-A8FDB1BDAD2E}"
EndProject
Project("{9A19103F-16F7-4668-BE54-9A1E7A4F7556}") = "EntidadesAsociacion", "..\EntidadesAsociacion\EntidadesAsociacion.csproj", "{0CE2F8CE-F89B-4B6A-AFB8-0463726390B6}"
EndProject
Project("{9A19103F-16F7-4668-BE54-9A1E7A4F7556}") = "TestAsociacion", "..\TestAsociacion\TestAsociacion.csproj", "{65EECAB5-FE1E-440D-A723-EABFDA6C4439}"
EndProject
Project("{9A19103F-16F7-4668-BE54-9A1E7A4F7556}") = "Test", "..\Test\Test.csproj", "{1A43DCE9-17C9-4EF5-8315-175FF5F24D25}"
EndProject
Global
	GlobalSection(SolutionConfigurationPlatforms) = preSolution
		Debug|Any CPU = Debug|Any CPU
		Release|Any CPU = Release|Any CPU
	EndGlobalSection
	GlobalSection(ProjectConfigurationPlatforms) = postSolution
		{19ED7235-D360-43F2-B6D4-A8FDB1BDAD2E}.Debug|Any CPU.ActiveCfg = Debug|Any CPU
		{19ED7235-D360-43F2-B6D4-A8FDB1BDAD2E}.Debug|Any CPU.Build.0 = Debug|Any CPU
		{19ED7235-D360-43F2-B6D4-A8FDB1BDAD2E}.Release|Any CPU.ActiveCfg = Release|Any CPU
		{19ED7235-D360-43F2-B6D4-A8FDB1BDAD2E}.Release|Any CPU.Build.0 = Release|Any CPU
		{0CE2F8CE-F89B-4B6A-AFB8-0463726390B6}.Debug|Any CPU.ActiveCfg = Debug|Any CPU
		{0CE2F8CE-F89B-4B6A-AFB8-0463726390B6}.Debug|Any CPU.Build.0 = Debug|Any CPU
		{0CE2F8CE-F89B-4B6A-AFB8-0463726390B6}.Release|Any CPU.ActiveCfg = Release|Any CPU
		{0CE2F8CE-F89B-4B6A-AFB8-0463726390B6}.Release|Any CPU.Build.0 = Release|Any CPU
		{65EECAB5-FE1E-440D-A723-EABFDA6C4439}.Debug|Any CPU.ActiveCfg = Debug|Any CPU
		{65EECAB5-FE1E-440D-A723-EABFDA6C4439}.Debug|Any CPU.Build.0 = Debug|Any CPU
		{65EECAB5-FE1E-440D-A723-EABFDA6C4439}.Release|Any CPU.ActiveCfg = Release|Any CPU
		{65EECAB5-FE1E-440D-A723-EABFDA6C4439}.Release|Any CPU.Build.0 = Release|Any CPU
		{1A43DCE9-17C9-4EF5-8315-175FF5F24D25}.Debug|Any CPU.ActiveCfg = Debug|Any CPU
		{1A43DCE9-17C9-4EF5-8315-175FF5F24D25}.Debug|Any CPU.Build.0 = Debug|Any CPU
		{1A43DCE9-17C9-4EF5-8315-175FF5F24D25}.Release|Any CPU.ActiveCfg = Release|Any CPU
		{1A43DCE9-17C9-4EF5-8315-175FF5F24D25}.Release|Any CPU.Build.0 = Release|Any CPU
	EndGlobalSection
	GlobalSection(SolutionProperties) = preSolution
		HideSolutionNode = FALSE
	EndGlobalSection
	GlobalSection(ExtensibilityGlobals) = postSolution
		SolutionGuid = {D952B385-4A06-40F4-B042-BA781E65E496}
	EndGlobalSection
EndGlobal
